
Microsoft Visual Studio Solution File, Format Version 12.00
# Visual Studio 15
VisualStudioVersion = 15.0.26730.16
MinimumVisualStudioVersion = 10.0.40219.1
Project("{FAE04EC0-301F-11D3-BF4B-00C04F79EFBC}") = "Catecumenato", "Catecumenato\Catecumenato.csproj", "{C2F14479-0FA3-45FF-9C3F-FE843952CCB7}"
EndProject
Global
	GlobalSection(SolutionConfigurationPlatforms) = preSolution
		Debug|Any CPU = Debug|Any CPU
		Release|Any CPU = Release|Any CPU
	EndGlobalSection
	GlobalSection(ProjectConfigurationPlatforms) = postSolution
		{C2F14479-0FA3-45FF-9C3F-FE843952CCB7}.Debug|Any CPU.ActiveCfg = Debug|Any CPU
		{C2F14479-0FA3-45FF-9C3F-FE843952CCB7}.Debug|Any CPU.Build.0 = Debug|Any CPU
		{C2F14479-0FA3-45FF-9C3F-FE843952CCB7}.Release|Any CPU.ActiveCfg = Release|Any CPU
		{C2F14479-0FA3-45FF-9C3F-FE843952CCB7}.Release|Any CPU.Build.0 = Release|Any CPU
	EndGlobalSection
	GlobalSection(SolutionProperties) = preSolution
		HideSolutionNode = FALSE
	EndGlobalSection
	GlobalSection(ExtensibilityGlobals) = postSolution
		SolutionGuid = {A19FCE10-DAFD-4BF1-A858-6204C6FD1B4C}
	EndGlobalSection
EndGlobal
